Microsoft Visual Studio Solution File, Format Version 12.00
# Visual Studio Version 17
VisualStudioVersion = 17.5.2.0
MinimumVisualStudioVersion = 10.0.40219.1
Project("{FAE04EC0-301F-11D3-BF4B-00C04F79EFBC}") = "MachineMonitoring.Api", "MachineMonitoring.Api\MachineMonitoring.Api.csproj", "{EE117152-C164-3AA8-A738-0021AA76317F}"
EndProject
Global
	GlobalSection(SolutionConfigurationPlatforms) = preSolution
		Debug|Any CPU = Debug|Any CPU
		Release|Any CPU = Release|Any CPU
	EndGlobalSection
	GlobalSection(ProjectConfigurationPlatforms) = postSolution
		{EE117152-C164-3AA8-A738-0021AA76317F}.Debug|Any CPU.ActiveCfg = Debug|Any CPU
		{EE117152-C164-3AA8-A738-0021AA76317F}.Debug|Any CPU.Build.0 = Debug|Any CPU
		{EE117152-C164-3AA8-A738-0021AA76317F}.Release|Any CPU.ActiveCfg = Release|Any CPU
		{EE117152-C164-3AA8-A738-0021AA76317F}.Release|Any CPU.Build.0 = Release|Any CPU
	EndGlobalSection
	GlobalSection(SolutionProperties) = preSolution
		HideSolutionNode = FALSE
	EndGlobalSection
	GlobalSection(ExtensibilityGlobals) = postSolution
		SolutionGuid = {5672D1D9-763B-4C63-A6E0-E4AF916B37FB}
	EndGlobalSection
EndGlobal
